
Microsoft Visual Studio Solution File, Format Version 12.00
# Visual Studio Version 17
VisualStudioVersion = 17.14.36603.0 d17.14
MinimumVisualStudioVersion = 10.0.40219.1
Project("{FAE04EC0-301F-11D3-BF4B-00C04F79EFBC}") = "Internship-2-C-Sharp", "Internship-2-C-Sharp\Internship-2-C-Sharp.csproj", "{8F0A64AE-4C94-4EE3-8490-FC651772947F}"
EndProject
Global
	GlobalSection(SolutionConfigurationPlatforms) = preSolution
		Debug|Any CPU = Debug|Any CPU
		Release|Any CPU = Release|Any CPU
	EndGlobalSection
	GlobalSection(ProjectConfigurationPlatforms) = postSolution
		{8F0A64AE-4C94-4EE3-8490-FC651772947F}.Debug|Any CPU.ActiveCfg = Debug|Any CPU
		{8F0A64AE-4C94-4EE3-8490-FC651772947F}.Debug|Any CPU.Build.0 = Debug|Any CPU
		{8F0A64AE-4C94-4EE3-8490-FC651772947F}.Release|Any CPU.ActiveCfg = Release|Any CPU
		{8F0A64AE-4C94-4EE3-8490-FC651772947F}.Release|Any CPU.Build.0 = Release|Any CPU
	EndGlobalSection
	GlobalSection(SolutionProperties) = preSolution
		HideSolutionNode = FALSE
	EndGlobalSection
	GlobalSection(ExtensibilityGlobals) = postSolution
		SolutionGuid = {C6198BF1-8C2B-49AD-8A9E-18FFD04DA833}
	EndGlobalSection
EndGlobal
